
Microsoft Visual Studio Solution File, Format Version 12.00
# Visual Studio 15
VisualStudioVersion = 15.0.27130.2024
MinimumVisualStudioVersion = 10.0.40219.1
Project("{FAE04EC0-301F-11D3-BF4B-00C04F79EFBC}") = "RecipesForAll", "RecipesForAll\RecipesForAll.csproj", "{51B64E2B-BE19-43A0-826E-053349AC5BDC}"
EndProject
Global
	GlobalSection(SolutionConfigurationPlatforms) = preSolution
		Debug|Any CPU = Debug|Any CPU
		Release|Any CPU = Release|Any CPU
	EndGlobalSection
	GlobalSection(ProjectConfigurationPlatforms) = postSolution
		{51B64E2B-BE19-43A0-826E-053349AC5BDC}.Debug|Any CPU.ActiveCfg = Debug|Any CPU
		{51B64E2B-BE19-43A0-826E-053349AC5BDC}.Debug|Any CPU.Build.0 = Debug|Any CPU
		{51B64E2B-BE19-43A0-826E-053349AC5BDC}.Release|Any CPU.ActiveCfg = Release|Any CPU
		{51B64E2B-BE19-43A0-826E-053349AC5BDC}.Release|Any CPU.Build.0 = Release|Any CPU
	EndGlobalSection
	GlobalSection(SolutionProperties) = preSolution
		HideSolutionNode = FALSE
	EndGlobalSection
	GlobalSection(ExtensibilityGlobals) = postSolution
		SolutionGuid = {67CB5FA2-E1AA-4CCE-A99D-8208E8EAFE01}
	EndGlobalSection
EndGlobal
